
Microsoft Visual Studio Solution File, Format Version 12.00
# Visual Studio Version 16
VisualStudioVersion = 16.0.31129.286
MinimumVisualStudioVersion = 10.0.40219.1
Project("{9A19103F-16F7-4668-BE54-9A1E7A4F7556}") = "testTask", "testTask.csproj", "{D640CF74-0E24-4320-9245-A987A2CA9842}"
EndProject
Project("{FAE04EC0-301F-11D3-BF4B-00C04F79EFBC}") = "unitTests", "..\unitTests\unitTests.csproj", "{75CD68C6-02F9-4687-A689-2FB801472C7B}"
EndProject
Global
	GlobalSection(SolutionConfigurationPlatforms) = preSolution
		Debug|Any CPU = Debug|Any CPU
		Release|Any CPU = Release|Any CPU
	EndGlobalSection
	GlobalSection(ProjectConfigurationPlatforms) = postSolution
		{D640CF74-0E24-4320-9245-A987A2CA9842}.Debug|Any CPU.ActiveCfg = Debug|Any CPU
		{D640CF74-0E24-4320-9245-A987A2CA9842}.Debug|Any CPU.Build.0 = Debug|Any CPU
		{D640CF74-0E24-4320-9245-A987A2CA9842}.Release|Any CPU.ActiveCfg = Release|Any CPU
		{D640CF74-0E24-4320-9245-A987A2CA9842}.Release|Any CPU.Build.0 = Release|Any CPU
		{75CD68C6-02F9-4687-A689-2FB801472C7B}.Debug|Any CPU.ActiveCfg = Debug|Any CPU
		{75CD68C6-02F9-4687-A689-2FB801472C7B}.Debug|Any CPU.Build.0 = Debug|Any CPU
		{75CD68C6-02F9-4687-A689-2FB801472C7B}.Release|Any CPU.ActiveCfg = Release|Any CPU
		{75CD68C6-02F9-4687-A689-2FB801472C7B}.Release|Any CPU.Build.0 = Release|Any CPU
	EndGlobalSection
	GlobalSection(SolutionProperties) = preSolution
		HideSolutionNode = FALSE
	EndGlobalSection
	GlobalSection(ExtensibilityGlobals) = postSolution
		SolutionGuid = {C2984E16-70AB-4F9E-A213-3DA6F27C475B}
	EndGlobalSection
EndGlobal
